{
  "requires": true,
  "lockfileVersion": 1,
  "dependencies": {
    "bootstrap-styl": {
      "version": "5.0.8",
      "resolved": "https://registry.npmjs.org/bootstrap-styl/-/bootstrap-styl-5.0.8.tgz",
      "integrity": "sha1-PGAaeqlC735wvpWU91pdxhFvj2g="
    },
    "jquery": {
      "version": "3.2.1",
      "resolved": "https://registry.npmjs.org/jquery/-/jquery-3.2.1.tgz",
      "integrity": "sha1-XE2d5lKvbNCncBVKYxu6ErAVx4c="
    },
    "lightbox2": {
      "version": "2.9.0",
      "resolved": "https://registry.npmjs.org/lightbox2/-/lightbox2-2.9.0.tgz",
      "integrity": "sha1-+aL9tBqzypS/D3aSELWbsUpdX2I="
    },
    "lt-ie-9": {
      "version": "0.1.0",
      "resolved": "https://registry.npmjs.org/lt-ie-9/-/lt-ie-9-0.1.0.tgz",
      "integrity": "sha1-WQvfhS8U7zkPoojct/g3c1qjh58="
    }
  }
}
